
Microsoft Visual Studio Solution File, Format Version 12.00
# Visual Studio Version 17
VisualStudioVersion = 17.14.36717.8 d17.14
MinimumVisualStudioVersion = 10.0.40219.1
Project("{FAE04EC0-301F-11D3-BF4B-00C04F79EFBC}") = "HookCSharp", "HookCSharp\HookCSharp.csproj", "{1E01C294-E0C6-4FAF-9EA2-326A97AF4EB7}"
EndProject
Global
	GlobalSection(SolutionConfigurationPlatforms) = preSolution
		Debug|Any CPU = Debug|Any CPU
		Release|Any CPU = Release|Any CPU
	EndGlobalSection
	GlobalSection(ProjectConfigurationPlatforms) = postSolution
		{1E01C294-E0C6-4FAF-9EA2-326A97AF4EB7}.Debug|Any CPU.ActiveCfg = Debug|Any CPU
		{1E01C294-E0C6-4FAF-9EA2-326A97AF4EB7}.Debug|Any CPU.Build.0 = Debug|Any CPU
		{1E01C294-E0C6-4FAF-9EA2-326A97AF4EB7}.Release|Any CPU.ActiveCfg = Release|Any CPU
		{1E01C294-E0C6-4FAF-9EA2-326A97AF4EB7}.Release|Any CPU.Build.0 = Release|Any CPU
	EndGlobalSection
	GlobalSection(SolutionProperties) = preSolution
		HideSolutionNode = FALSE
	EndGlobalSection
	GlobalSection(ExtensibilityGlobals) = postSolution
		SolutionGuid = {3710965F-DCC6-4D36-A319-16A64E9D4434}
	EndGlobalSection
EndGlobal
